// !$*UTF8*$!
{
	archiveVersion = 1;
	classes = {
	};
	objectVersion = 51;
	objects = {

/* Begin PBXBuildFile section */
		062FF29A245A3641000EF564 /* String+Validation.swift in Sources */ = {isa = PBXBuildFile; fileRef = 062FF299245A3641000EF564 /* String+Validation.swift */; };
		062FF29C245A36CC000EF564 /* UIView+Shake.swift in Sources */ = {isa = PBXBuildFile; fileRef = 062FF29B245A36CC000EF564 /* UIView+Shake.swift */; };
		062FF29E245A3712000EF564 /* UITableViewCell+CellBorder&Shadow.swift in Sources */ = {isa = PBXBuildFile; fileRef = 062FF29D245A3712000EF564 /* UITableViewCell+CellBorder&Shadow.swift */; };
		062FF2A0245A37E3000EF564 /* UIImageView+CircularImage.swift in Sources */ = {isa = PBXBuildFile; fileRef = 062FF29F245A37E3000EF564 /* UIImageView+CircularImage.swift */; };
		0649EAAE2406D66300FBBE29 /* AppDelegate.swift in Sources */ = {isa = PBXBuildFile; fileRef = 0649EAAD2406D66300FBBE29 /* AppDelegate.swift */; };
		0649EAB02406D66300FBBE29 /* SceneDelegate.swift in Sources */ = {isa = PBXBuildFile; fileRef = 0649EAAF2406D66300FBBE29 /* SceneDelegate.swift */; };
		0649EAB52406D66300FBBE29 /* Main.storyboard in Resources */ = {isa = PBXBuildFile; fileRef = 0649EAB32406D66300FBBE29 /* Main.storyboard */; };
		0649EAB72406D66400FBBE29 /* Assets.xcassets in Resources */ = {isa = PBXBuildFile; fileRef = 0649EAB62406D66400FBBE29 /* Assets.xcassets */; };
		0649EABA2406D66400FBBE29 /* LaunchScreen.storyboard in Resources */ = {isa = PBXBuildFile; fileRef = 0649EAB82406D66400FBBE29 /* LaunchScreen.storyboard */; };
		0649EAC52406D6C000FBBE29 /* SignUpVC.swift in Sources */ = {isa = PBXBuildFile; fileRef = 0649EAC42406D6C000FBBE29 /* SignUpVC.swift */; };
		0649EAC72406D6D300FBBE29 /* SignInVC.swift in Sources */ = {isa = PBXBuildFile; fileRef = 0649EAC62406D6D300FBBE29 /* SignInVC.swift */; };
		0649EAC92406D6EA00FBBE29 /* Users.swift in Sources */ = {isa = PBXBuildFile; fileRef = 0649EAC82406D6EA00FBBE29 /* Users.swift */; };
		0649EACD2406D75800FBBE29 /* GradientView.swift in Sources */ = {isa = PBXBuildFile; fileRef = 0649EACC2406D75800FBBE29 /* GradientView.swift */; };
		0649EACF2406D9FA00FBBE29 /* ProfileVC.swift in Sources */ = {isa = PBXBuildFile; fileRef = 0649EACE2406D9FA00FBBE29 /* ProfileVC.swift */; };
		0649EAD12406DAD200FBBE29 /* MapVC.swift in Sources */ = {isa = PBXBuildFile; fileRef = 0649EAD02406DAD200FBBE29 /* MapVC.swift */; };
		0650B8E624095F5900E61C89 /* Constants.swift in Sources */ = {isa = PBXBuildFile; fileRef = 0650B8E524095F5900E61C89 /* Constants.swift */; };
		0650B8E92409688C00E61C89 /* UserDefaultsManager.swift in Sources */ = {isa = PBXBuildFile; fileRef = 0650B8E82409688C00E61C89 /* UserDefaultsManager.swift */; };
		06EB54A2244F8B9C007180DF /* Media.swift in Sources */ = {isa = PBXBuildFile; fileRef = 06EB54A0244F8B9C007180DF /* Media.swift */; };
		06EB54A3244F8B9C007180DF /* Results.swift in Sources */ = {isa = PBXBuildFile; fileRef = 06EB54A1244F8B9C007180DF /* Results.swift */; };
		06EB54A6244F8BB2007180DF /* TabBarVC.swift in Sources */ = {isa = PBXBuildFile; fileRef = 06EB54A4244F8BB2007180DF /* TabBarVC.swift */; };
		06EB54A7244F8BB2007180DF /* MediaListVC.swift in Sources */ = {isa = PBXBuildFile; fileRef = 06EB54A5244F8BB2007180DF /* MediaListVC.swift */; };
		06EB54A9244F8BC5007180DF /* DatabaseManager.swift in Sources */ = {isa = PBXBuildFile; fileRef = 06EB54A8244F8BC5007180DF /* DatabaseManager.swift */; };
		06EB54AC244F8BDB007180DF /* APIManager.swift in Sources */ = {isa = PBXBuildFile; fileRef = 06EB54AB244F8BDB007180DF /* APIManager.swift */; };
		06EB54AF244F8BED007180DF /* TableViewCell.swift in Sources */ = {isa = PBXBuildFile; fileRef = 06EB54AD244F8BED007180DF /* TableViewCell.swift */; };
		06EB54B0244F8BED007180DF /* TableViewCell.xib in Resources */ = {isa = PBXBuildFile; fileRef = 06EB54AE244F8BED007180DF /* TableViewCell.xib */; };
		9CE362C87A17854DA3F6CCB2 /* Pods_MediaFinder.framework in Frameworks */ = {isa = PBXBuildFile; fileRef = B227150BC85FEEE25A99D149 /* Pods_MediaFinder.framework */; };
/* End PBXBuildFile section */

/* Begin PBXFileReference section */
		062FF299245A3641000EF564 /* String+Validation.swift */ = {isa = PBXFileReference; lastKnownFileType = sourcecode.swift; path = "String+Validation.swift"; sourceTree = "<group>"; };
		062FF29B245A36CC000EF564 /* UIView+Shake.swift */ = {isa = PBXFileReference; lastKnownFileType = sourcecode.swift; path = "UIView+Shake.swift"; sourceTree = "<group>"; };
		062FF29D245A3712000EF564 /* UITableViewCell+CellBorder&Shadow.swift */ = {isa = PBXFileReference; lastKnownFileType = sourcecode.swift; path = "UITableViewCell+CellBorder&Shadow.swift"; sourceTree = "<group>"; };
		062FF29F245A37E3000EF564 /* UIImageView+CircularImage.swift */ = {isa = PBXFileReference; lastKnownFileType = sourcecode.swift; path = "UIImageView+CircularImage.swift"; sourceTree = "<group>"; };
		0649EAAA2406D66300FBBE29 /* MediaFinder.app */ = {isa = PBXFileReference; explicitFileType = wrapper.application; includeInIndex = 0; path = MediaFinder.app; sourceTree = BUILT_PRODUCTS_DIR; };
		0649EAAD2406D66300FBBE29 /* AppDelegate.swift */ = {isa = PBXFileReference; lastKnownFileType = sourcecode.swift; path = AppDelegate.swift; sourceTree = "<group>"; };
		0649EAAF2406D66300FBBE29 /* SceneDelegate.swift */ = {isa = PBXFileReference; lastKnownFileType = sourcecode.swift; path = SceneDelegate.swift; sourceTree = "<group>"; };
		0649EAB42406D66300FBBE29 /* Base */ = {isa = PBXFileReference; lastKnownFileType = file.storyboard; name = Base; path = Base.lproj/Main.storyboard; sourceTree = "<group>"; };
		0649EAB62406D66400FBBE29 /* Assets.xcassets */ = {isa = PBXFileReference; lastKnownFileType = folder.assetcatalog; path = Assets.xcassets; sourceTree = "<group>"; };
		0649EAB92406D66400FBBE29 /* Base */ = {isa = PBXFileReference; lastKnownFileType = file.storyboard; name = Base; path = Base.lproj/LaunchScreen.storyboard; sourceTree = "<group>"; };
		0649EABB2406D66400FBBE29 /* Info.plist */ = {isa = PBXFileReference; lastKnownFileType = text.plist.xml; path = Info.plist; sourceTree = "<group>"; };
		0649EAC42406D6C000FBBE29 /* SignUpVC.swift */ = {isa = PBXFileReference; lastKnownFileType = sourcecode.swift; path = SignUpVC.swift; sourceTree = "<group>"; };
		0649EAC62406D6D300FBBE29 /* SignInVC.swift */ = {isa = PBXFileReference; lastKnownFileType = sourcecode.swift; path = SignInVC.swift; sourceTree = "<group>"; };
		0649EAC82406D6EA00FBBE29 /* Users.swift */ = {isa = PBXFileReference; lastKnownFileType = sourcecode.swift; path = Users.swift; sourceTree = "<group>"; };
		0649EACC2406D75800FBBE29 /* GradientView.swift */ = {isa = PBXFileReference; lastKnownFileType = sourcecode.swift; path = GradientView.swift; sourceTree = "<group>"; };
		0649EACE2406D9FA00FBBE29 /* ProfileVC.swift */ = {isa = PBXFileReference; lastKnownFileType = sourcecode.swift; path = ProfileVC.swift; sourceTree = "<group>"; };
		0649EAD02406DAD200FBBE29 /* MapVC.swift */ = {isa = PBXFileReference; lastKnownFileType = sourcecode.swift; path = MapVC.swift; sourceTree = "<group>"; };
		0650B8E524095F5900E61C89 /* Constants.swift */ = {isa = PBXFileReference; lastKnownFileType = sourcecode.swift; path = Constants.swift; sourceTree = "<group>"; };
		0650B8E82409688C00E61C89 /* UserDefaultsManager.swift */ = {isa = PBXFileReference; lastKnownFileType = sourcecode.swift; path = UserDefaultsManager.swift; sourceTree = "<group>"; };
		06EB54A0244F8B9C007180DF /* Media.swift */ = {isa = PBXFileReference; fileEncoding = 4; lastKnownFileType = sourcecode.swift; path = Media.swift; sourceTree = "<group>"; };
		06EB54A1244F8B9C007180DF /* Results.swift */ = {isa = PBXFileReference; fileEncoding = 4; lastKnownFileType = sourcecode.swift; path = Results.swift; sourceTree = "<group>"; };
		06EB54A4244F8BB2007180DF /* TabBarVC.swift */ = {isa = PBXFileReference; fileEncoding = 4; lastKnownFileType = sourcecode.swift; path = TabBarVC.swift; sourceTree = "<group>"; };
		06EB54A5244F8BB2007180DF /* MediaListVC.swift */ = {isa = PBXFileReference; fileEncoding = 4; lastKnownFileType = sourcecode.swift; path = MediaListVC.swift; sourceTree = "<group>"; };
		06EB54A8244F8BC5007180DF /* DatabaseManager.swift */ = {isa = PBXFileReference; fileEncoding = 4; lastKnownFileType = sourcecode.swift; path = DatabaseManager.swift; sourceTree = "<group>"; };
		06EB54AB244F8BDB007180DF /* APIManager.swift */ = {isa = PBXFileReference; fileEncoding = 4; lastKnownFileType = sourcecode.swift; path = APIManager.swift; sourceTree = "<group>"; };
		06EB54AD244F8BED007180DF /* TableViewCell.swift */ = {isa = PBXFileReference; fileEncoding = 4; lastKnownFileType = sourcecode.swift; path = TableViewCell.swift; sourceTree = "<group>"; };
		06EB54AE244F8BED007180DF /* TableViewCell.xib */ = {isa = PBXFileReference; fileEncoding = 4; lastKnownFileType = file.xib; path = TableViewCell.xib; sourceTree = "<group>"; };
		1E57459F03E1626E8CCFDE7C /* Pods-MediaFinder.release.xcconfig */ = {isa = PBXFileReference; includeInIndex = 1; lastKnownFileType = text.xcconfig; name = "Pods-MediaFinder.release.xcconfig"; path = "Target Support Files/Pods-MediaFinder/Pods-MediaFinder.release.xcconfig"; sourceTree = "<group>"; };
		1E58961139D895214F87942F /* Pods-MediaFinder.debug.xcconfig */ = {isa = PBXFileReference; includeInIndex = 1; lastKnownFileType = text.xcconfig; name = "Pods-MediaFinder.debug.xcconfig"; path = "Target Support Files/Pods-MediaFinder/Pods-MediaFinder.debug.xcconfig"; sourceTree = "<group>"; };
		B227150BC85FEEE25A99D149 /* Pods_MediaFinder.framework */ = {isa = PBXFileReference; explicitFileType = wrapper.framework; includeInIndex = 0; path = Pods_MediaFinder.framework; sourceTree = BUILT_PRODUCTS_DIR; };
/* End PBXFileReference section */

/* Begin PBXFrameworksBuildPhase section */
		0649EAA72406D66300FBBE29 /* Frameworks */ = {
			isa = PBXFrameworksBuildPhase;
			buildActionMask = 2147483647;
			files = (
				9CE362C87A17854DA3F6CCB2 /* Pods_MediaFinder.framework in Frameworks */,
			);
			runOnlyForDeploymentPostprocessing = 0;
		};
/* End PBXFrameworksBuildPhase section */

/* Begin PBXGroup section */
		062FF298245A35FC000EF564 /* Extension */ = {
			isa = PBXGroup;
			children = (
				062FF299245A3641000EF564 /* String+Validation.swift */,
				062FF29B245A36CC000EF564 /* UIView+Shake.swift */,
				062FF29D245A3712000EF564 /* UITableViewCell+CellBorder&Shadow.swift */,
				062FF29F245A37E3000EF564 /* UIImageView+CircularImage.swift */,
			);
			path = Extension;
			sourceTree = "<group>";
		};
		0649EAA12406D66300FBBE29 = {
			isa = PBXGroup;
			children = (
				0649EAAC2406D66300FBBE29 /* MediaFinder */,
				0649EAAB2406D66300FBBE29 /* Products */,
				189A059F4501B8A0D0707A23 /* Pods */,
				7D7C0A68B94FD6588E9A2EBB /* Frameworks */,
			);
			sourceTree = "<group>";
		};
		0649EAAB2406D66300FBBE29 /* Products */ = {
			isa = PBXGroup;
			children = (
				0649EAAA2406D66300FBBE29 /* MediaFinder.app */,
			);
			name = Products;
			sourceTree = "<group>";
		};
		0649EAAC2406D66300FBBE29 /* MediaFinder */ = {
			isa = PBXGroup;
			children = (
				0649EAAD2406D66300FBBE29 /* AppDelegate.swift */,
				0649EAAF2406D66300FBBE29 /* SceneDelegate.swift */,
				06EB54AA244F8BDB007180DF /* Networking */,
				0650B8E72409686500E61C89 /* Managers */,
				0650B8E424095D9E00E61C89 /* Utilities */,
				062FF298245A35FC000EF564 /* Extension */,
				0649EAC32406D68B00FBBE29 /* Model */,
				0649EAC22406D68400FBBE29 /* View */,
				0649EAC12406D67600FBBE29 /* Controller */,
				0649EAB32406D66300FBBE29 /* Main.storyboard */,
				0649EAB62406D66400FBBE29 /* Assets.xcassets */,
				0649EAB82406D66400FBBE29 /* LaunchScreen.storyboard */,
				0649EABB2406D66400FBBE29 /* Info.plist */,
			);
			path = MediaFinder;
			sourceTree = "<group>";
		};
		0649EAC12406D67600FBBE29 /* Controller */ = {
			isa = PBXGroup;
			children = (
				06EB54A5244F8BB2007180DF /* MediaListVC.swift */,
				06EB54A4244F8BB2007180DF /* TabBarVC.swift */,
				0649EAC42406D6C000FBBE29 /* SignUpVC.swift */,
				0649EAC62406D6D300FBBE29 /* SignInVC.swift */,
				0649EACE2406D9FA00FBBE29 /* ProfileVC.swift */,
				0649EAD02406DAD200FBBE29 /* MapVC.swift */,
			);
			path = Controller;
			sourceTree = "<group>";
		};
		0649EAC22406D68400FBBE29 /* View */ = {
			isa = PBXGroup;
			children = (
				06EB54AD244F8BED007180DF /* TableViewCell.swift */,
				06EB54AE244F8BED007180DF /* TableViewCell.xib */,
				0649EACC2406D75800FBBE29 /* GradientView.swift */,
			);
			path = View;
			sourceTree = "<group>";
		};
		0649EAC32406D68B00FBBE29 /* Model */ = {
			isa = PBXGroup;
			children = (
				06EB54A0244F8B9C007180DF /* Media.swift */,
				06EB54A1244F8B9C007180DF /* Results.swift */,
				0649EAC82406D6EA00FBBE29 /* Users.swift */,
			);
			path = Model;
			sourceTree = "<group>";
		};
		0650B8E424095D9E00E61C89 /* Utilities */ = {
			isa = PBXGroup;
			children = (
				0650B8E524095F5900E61C89 /* Constants.swift */,
			);
			path = Utilities;
			sourceTree = "<group>";
		};
		0650B8E72409686500E61C89 /* Managers */ = {
			isa = PBXGroup;
			children = (
				06EB54A8244F8BC5007180DF /* DatabaseManager.swift */,
				0650B8E82409688C00E61C89 /* UserDefaultsManager.swift */,
			);
			path = Managers;
			sourceTree = "<group>";
		};
		06EB54AA244F8BDB007180DF /* Networking */ = {
			isa = PBXGroup;
			children = (
				06EB54AB244F8BDB007180DF /* APIManager.swift */,
			);
			path = Networking;
			sourceTree = "<group>";
		};
		189A059F4501B8A0D0707A23 /* Pods */ = {
			isa = PBXGroup;
			children = (
				1E58961139D895214F87942F /* Pods-MediaFinder.debug.xcconfig */,
				1E57459F03E1626E8CCFDE7C /* Pods-MediaFinder.release.xcconfig */,
			);
			path = Pods;
			sourceTree = "<group>";
		};
		7D7C0A68B94FD6588E9A2EBB /* Frameworks */ = {
			isa = PBXGroup;
			children = (
				B227150BC85FEEE25A99D149 /* Pods_MediaFinder.framework */,
			);
			name = Frameworks;
			sourceTree = "<group>";
		};
/* End PBXGroup section */

/* Begin PBXNativeTarget section */
		0649EAA92406D66300FBBE29 /* MediaFinder */ = {
			isa = PBXNativeTarget;
			buildConfigurationList = 0649EABE2406D66400FBBE29 /* Build configuration list for PBXNativeTarget "MediaFinder" */;
			buildPhases = (
				266A8E012950FBCF84B61B2E /* [CP] Check Pods Manifest.lock */,
				0649EAA62406D66300FBBE29 /* Sources */,
				0649EAA72406D66300FBBE29 /* Frameworks */,
				0649EAA82406D66300FBBE29 /* Resources */,
				762D5C06D2721B84B818D67D /* [CP] Embed Pods Frameworks */,
			);
			buildRules = (
			);
			dependencies = (
			);
			name = MediaFinder;
			productName = MediaFinder;
			productReference = 0649EAAA2406D66300FBBE29 /* MediaFinder.app */;
			productType = "com.apple.product-type.application";
		};
/* End PBXNativeTarget section */

/* Begin PBXProject section */
		0649EAA22406D66300FBBE29 /* Project object */ = {
			isa = PBXProject;
			attributes = {
				LastSwiftUpdateCheck = 1130;
				LastUpgradeCheck = 1130;
				ORGANIZATIONNAME = "Ahmed Ezzat";
				TargetAttributes = {
					0649EAA92406D66300FBBE29 = {
						CreatedOnToolsVersion = 11.3.1;
					};
				};
			};
			buildConfigurationList = 0649EAA52406D66300FBBE29 /* Build configuration list for PBXProject "MediaFinder" */;
			compatibilityVersion = "Xcode 9.3";
			developmentRegion = en;
			hasScannedForEncodings = 0;
			knownRegions = (
				en,
				Base,
			);
			mainGroup = 0649EAA12406D66300FBBE29;
			productRefGroup = 0649EAAB2406D66300FBBE29 /* Products */;
			projectDirPath = "";
			projectRoot = "";
			targets = (
				0649EAA92406D66300FBBE29 /* MediaFinder */,
			);
		};
/* End PBXProject section */

/* Begin PBXResourcesBuildPhase section */
		0649EAA82406D66300FBBE29 /* Resources */ = {
			isa = PBXResourcesBuildPhase;
			buildActionMask = 2147483647;
			files = (
				0649EABA2406D66400FBBE29 /* LaunchScreen.storyboard in Resources */,
				06EB54B0244F8BED007180DF /* TableViewCell.xib in Resources */,
				0649EAB72406D66400FBBE29 /* Assets.xcassets in Resources */,
				0649EAB52406D66300FBBE29 /* Main.storyboard in Resources */,
			);
			runOnlyForDeploymentPostprocessing = 0;
		};
/* End PBXResourcesBuildPhase section */

/* Begin PBXShellScriptBuildPhase section */
		266A8E012950FBCF84B61B2E /* [CP] Check Pods Manifest.lock */ = {
			isa = PBXShellScriptBuildPhase;
			buildActionMask = 2147483647;
			files = (
			);
			inputFileListPaths = (
			);
			inputPaths = (
				"${PODS_PODFILE_DIR_PATH}/Podfile.lock",
				"${PODS_ROOT}/Manifest.lock",
			);
			name = "[CP] Check Pods Manifest.lock";
			outputFileListPaths = (
			);
			outputPaths = (
				"$(DERIVED_FILE_DIR)/Pods-MediaFinder-checkManifestLockResult.txt",
			);
			runOnlyForDeploymentPostprocessing = 0;
			shellPath = /bin/sh;
			shellScript = "diff \"${PODS_PODFILE_DIR_PATH}/Podfile.lock\" \"${PODS_ROOT}/Manifest.lock\" > /dev/null\nif [ $? != 0 ] ; then\n    # print error to STDERR\n    echo \"error: The sandbox is not in sync with the Podfile.lock. Run 'pod install' or update your CocoaPods installation.\" >&2\n    exit 1\nfi\n# This output is used by Xcode 'outputs' to avoid re-running this script phase.\necho \"SUCCESS\" > \"${SCRIPT_OUTPUT_FILE_0}\"\n";
			showEnvVarsInLog = 0;
		};
		762D5C06D2721B84B818D67D /* [CP] Embed Pods Frameworks */ = {
			isa = PBXShellScriptBuildPhase;
			buildActionMask = 2147483647;
			files = (
			);
			inputFileListPaths = (
				"${PODS_ROOT}/Target Support Files/Pods-MediaFinder/Pods-MediaFinder-frameworks-${CONFIGURATION}-input-files.xcfilelist",
			);
			name = "[CP] Embed Pods Frameworks";
			outputFileListPaths = (
				"${PODS_ROOT}/Target Support Files/Pods-MediaFinder/Pods-MediaFinder-frameworks-${CONFIGURATION}-output-files.xcfilelist",
			);
			runOnlyForDeploymentPostprocessing = 0;
			shellPath = /bin/sh;
			shellScript = "\"${PODS_ROOT}/Target Support Files/Pods-MediaFinder/Pods-MediaFinder-frameworks.sh\"\n";
			showEnvVarsInLog = 0;
		};
/* End PBXShellScriptBuildPhase section */

/* Begin PBXSourcesBuildPhase section */
		0649EAA62406D66300FBBE29 /* Sources */ = {
			isa = PBXSourcesBuildPhase;
			buildActionMask = 2147483647;
			files = (
				06EB54A9244F8BC5007180DF /* DatabaseManager.swift in Sources */,
				062FF29A245A3641000EF564 /* String+Validation.swift in Sources */,
				06EB54A7244F8BB2007180DF /* MediaListVC.swift in Sources */,
				062FF29C245A36CC000EF564 /* UIView+Shake.swift in Sources */,
				06EB54A6244F8BB2007180DF /* TabBarVC.swift in Sources */,
				06EB54AF244F8BED007180DF /* TableViewCell.swift in Sources */,
				0649EAAE2406D66300FBBE29 /* AppDelegate.swift in Sources */,
				0649EAC52406D6C000FBBE29 /* SignUpVC.swift in Sources */,
				06EB54A2244F8B9C007180DF /* Media.swift in Sources */,
				0649EAC92406D6EA00FBBE29 /* Users.swift in Sources */,
				0649EACF2406D9FA00FBBE29 /* ProfileVC.swift in Sources */,
				0649EACD2406D75800FBBE29 /* GradientView.swift in Sources */,
				062FF29E245A3712000EF564 /* UITableViewCell+CellBorder&Shadow.swift in Sources */,
				0650B8E624095F5900E61C89 /* Constants.swift in Sources */,
				0649EAC72406D6D300FBBE29 /* SignInVC.swift in Sources */,
				06EB54AC244F8BDB007180DF /* APIManager.swift in Sources */,
				06EB54A3244F8B9C007180DF /* Results.swift in Sources */,
				0650B8E92409688C00E61C89 /* UserDefaultsManager.swift in Sources */,
				0649EAD12406DAD200FBBE29 /* MapVC.swift in Sources */,
				062FF2A0245A37E3000EF564 /* UIImageView+CircularImage.swift in Sources */,
				0649EAB02406D66300FBBE29 /* SceneDelegate.swift in Sources */,
			);
			runOnlyForDeploymentPostprocessing = 0;
		};
/* End PBXSourcesBuildPhase section */

/* Begin PBXVariantGroup section */
		0649EAB32406D66300FBBE29 /* Main.storyboard */ = {
			isa = PBXVariantGroup;
			children = (
				0649EAB42406D66300FBBE29 /* Base */,
			);
			name = Main.storyboard;
			sourceTree = "<group>";
		};
		0649EAB82406D66400FBBE29 /* LaunchScreen.storyboard */ = {
			isa = PBXVariantGroup;
			children = (
				0649EAB92406D66400FBBE29 /* Base */,
			);
			name = LaunchScreen.storyboard;
			sourceTree = "<group>";
		};
/* End PBXVariantGroup section */

/* Begin XCBuildConfiguration section */
		0649EABC2406D66400FBBE29 /* Debug */ = {
			isa = XCBuildConfiguration;
			buildSettings = {
				ALWAYS_SEARCH_USER_PATHS = NO;
				CLANG_ANALYZER_NONNULL = YES;
				CLANG_ANALYZER_NUMBER_OBJECT_CONVERSION = YES_AGGRESSIVE;
				CLANG_CXX_LANGUAGE_STANDARD = "gnu++14";
				CLANG_CXX_LIBRARY = "libc++";
				CLANG_ENABLE_MODULES = YES;
				CLANG_ENABLE_OBJC_ARC = YES;
				CLANG_ENABLE_OBJC_WEAK = YES;
				CLANG_WARN_BLOCK_CAPTURE_AUTORELEASING = YES;
				CLANG_WARN_BOOL_CONVERSION = YES;
				CLANG_WARN_COMMA = YES;
				CLANG_WARN_CONSTANT_CONVERSION = YES;
				CLANG_WARN_DEPRECATED_OBJC_IMPLEMENTATIONS = YES;
				CLANG_WARN_DIRECT_OBJC_ISA_USAGE = YES_ERROR;
				CLANG_WARN_DOCUMENTATION_COMMENTS = YES;
				CLANG_WARN_EMPTY_BODY = YES;
				CLANG_WARN_ENUM_CONVERSION = YES;
				CLANG_WARN_INFINITE_RECURSION = YES;
				CLANG_WARN_INT_CONVERSION = YES;
				CLANG_WARN_NON_LITERAL_NULL_CONVERSION = YES;
				CLANG_WARN_OBJC_IMPLICIT_RETAIN_SELF = YES;
				CLANG_WARN_OBJC_LITERAL_CONVERSION = YES;
				CLANG_WARN_OBJC_ROOT_CLASS = YES_ERROR;
				CLANG_WARN_RANGE_LOOP_ANALYSIS = YES;
				CLANG_WARN_STRICT_PROTOTYPES = YES;
				CLANG_WARN_SUSPICIOUS_MOVE = YES;
				CLANG_WARN_UNGUARDED_AVAILABILITY = YES_AGGRESSIVE;
				CLANG_WARN_UNREACHABLE_CODE = YES;
				CLANG_WARN__DUPLICATE_METHOD_MATCH = YES;
				COPY_PHASE_STRIP = NO;
				DEBUG_INFORMATION_FORMAT = dwarf;
				ENABLE_STRICT_OBJC_MSGSEND = YES;
				ENABLE_TESTABILITY = YES;
				GCC_C_LANGUAGE_STANDARD = gnu11;
				GCC_DYNAMIC_NO_PIC = NO;
				GCC_NO_COMMON_BLOCKS = YES;
				GCC_OPTIMIZATION_LEVEL = 0;
				GCC_PREPROCESSOR_DEFINITIONS = (
					"DEBUG=1",
					"$(inherited)",
				);
				GCC_WARN_64_TO_32_BIT_CONVERSION = YES;
				GCC_WARN_ABOUT_RETURN_TYPE = YES_ERROR;
				GCC_WARN_UNDECLARED_SELECTOR = YES;
				GCC_WARN_UNINITIALIZED_AUTOS = YES_AGGRESSIVE;
				GCC_WARN_UNUSED_FUNCTION = YES;
				GCC_WARN_UNUSED_VARIABLE = YES;
				IPHONEOS_DEPLOYMENT_TARGET = 13.4;
				MTL_ENABLE_DEBUG_INFO = INCLUDE_SOURCE;
				MTL_FAST_MATH = YES;
				ONLY_ACTIVE_ARCH = YES;
				SDKROOT = iphoneos;
				SWIFT_ACTIVE_COMPILATION_CONDITIONS = DEBUG;
				SWIFT_OPTIMIZATION_LEVEL = "-Onone";
			};
			name = Debug;
		};
		0649EABD2406D66400FBBE29 /* Release */ = {
			isa = XCBuildConfiguration;
			buildSettings = {
				ALWAYS_SEARCH_USER_PATHS = NO;
				CLANG_ANALYZER_NONNULL = YES;
				CLANG_ANALYZER_NUMBER_OBJECT_CONVERSION = YES_AGGRESSIVE;
				CLANG_CXX_LANGUAGE_STANDARD = "gnu++14";
				CLANG_CXX_LIBRARY = "libc++";
				CLANG_ENABLE_MODULES = YES;
				CLANG_ENABLE_OBJC_ARC = YES;
				CLANG_ENABLE_OBJC_WEAK = YES;
				CLANG_WARN_BLOCK_CAPTURE_AUTORELEASING = YES;
				CLANG_WARN_BOOL_CONVERSION = YES;
				CLANG_WARN_COMMA = YES;
				CLANG_WARN_CONSTANT_CONVERSION = YES;
				CLANG_WARN_DEPRECATED_OBJC_IMPLEMENTATIONS = YES;
				CLANG_WARN_DIRECT_OBJC_ISA_USAGE = YES_ERROR;
				CLANG_WARN_DOCUMENTATION_COMMENTS = YES;
				CLANG_WARN_EMPTY_BODY = YES;
				CLANG_WARN_ENUM_CONVERSION = YES;
				CLANG_WARN_INFINITE_RECURSION = YES;
				CLANG_WARN_INT_CONVERSION = YES;
				CLANG_WARN_NON_LITERAL_NULL_CONVERSION = YES;
				CLANG_WARN_OBJC_IMPLICIT_RETAIN_SELF = YES;
				CLANG_WARN_OBJC_LITERAL_CONVERSION = YES;
				CLANG_WARN_OBJC_ROOT_CLASS = YES_ERROR;
				CLANG_WARN_RANGE_LOOP_ANALYSIS = YES;
				CLANG_WARN_STRICT_PROTOTYPES = YES;
				CLANG_WARN_SUSPICIOUS_MOVE = YES;
				CLANG_WARN_UNGUARDED_AVAILABILITY = YES_AGGRESSIVE;
				CLANG_WARN_UNREACHABLE_CODE = YES;
				CLANG_WARN__DUPLICATE_METHOD_MATCH = YES;
				COPY_PHASE_STRIP = NO;
				DEBUG_INFORMATION_FORMAT = "dwarf-with-dsym";
				ENABLE_NS_ASSERTIONS = NO;
				ENABLE_STRICT_OBJC_MSGSEND = YES;
				GCC_C_LANGUAGE_STANDARD = gnu11;
				GCC_NO_COMMON_BLOCKS = YES;
				GCC_WARN_64_TO_32_BIT_CONVERSION = YES;
				GCC_WARN_ABOUT_RETURN_TYPE = YES_ERROR;
				GCC_WARN_UNDECLARED_SELECTOR = YES;
				GCC_WARN_UNINITIALIZED_AUTOS = YES_AGGRESSIVE;
				GCC_WARN_UNUSED_FUNCTION = YES;
				GCC_WARN_UNUSED_VARIABLE = YES;
				IPHONEOS_DEPLOYMENT_TARGET = 13.4;
				MTL_ENABLE_DEBUG_INFO = NO;
				MTL_FAST_MATH = YES;
				SDKROOT = iphoneos;
				SWIFT_COMPILATION_MODE = wholemodule;
				SWIFT_OPTIMIZATION_LEVEL = "-O";
				VALIDATE_PRODUCT = YES;
			};
			name = Release;
		};
		0649EABF2406D66400FBBE29 /* Debug */ = {
			isa = XCBuildConfiguration;
			baseConfigurationReference = 1E58961139D895214F87942F /* Pods-MediaFinder.debug.xcconfig */;
			buildSettings = {
				ASSETCATALOG_COMPILER_APPICON_NAME = AppIcon;
				CODE_SIGN_STYLE = Automatic;
				DEVELOPMENT_TEAM = GR45BCY358;
				INFOPLIST_FILE = MediaFinder/Info.plist;
				LD_RUNPATH_SEARCH_PATHS = (
					"$(inherited)",
					"@executable_path/Frameworks",
				);
				PRODUCT_BUNDLE_IDENTIFIER = com.IDE.MediaFinder;
				PRODUCT_NAME = "$(TARGET_NAME)";
				SWIFT_VERSION = 5.0;
				TARGETED_DEVICE_FAMILY = "1,2";
			};
			name = Debug;
		};
		0649EAC02406D66400FBBE29 /* Release */ = {
			isa = XCBuildConfiguration;
			baseConfigurationReference = 1E57459F03E1626E8CCFDE7C /* Pods-MediaFinder.release.xcconfig */;
			buildSettings = {
				ASSETCATALOG_COMPILER_APPICON_NAME = AppIcon;
				CODE_SIGN_STYLE = Automatic;
				DEVELOPMENT_TEAM = GR45BCY358;
				INFOPLIST_FILE = MediaFinder/Info.plist;
				LD_RUNPATH_SEARCH_PATHS = (
					"$(inherited)",
					"@executable_path/Frameworks",
				);
				PRODUCT_BUNDLE_IDENTIFIER = com.IDE.MediaFinder;
				PRODUCT_NAME = "$(TARGET_NAME)";
				SWIFT_VERSION = 5.0;
				TARGETED_DEVICE_FAMILY = "1,2";
			};
			name = Release;
		};
/* End XCBuildConfiguration section */

/* Begin XCConfigurationList section */
		0649EAA52406D66300FBBE29 /* Build configuration list for PBXProject "MediaFinder" */ = {
			isa = XCConfigurationList;
			buildConfigurations = (
				0649EABC2406D66400FBBE29 /* Debug */,
				0649EABD2406D66400FBBE29 /* Release */,
			);
			defaultConfigurationIsVisible = 0;
			defaultConfigurationName = Release;
		};
		0649EABE2406D66400FBBE29 /* Build configuration list for PBXNativeTarget "MediaFinder" */ = {
			isa = XCConfigurationList;
			buildConfigurations = (
				0649EABF2406D66400FBBE29 /* Debug */,
				0649EAC02406D66400FBBE29 /* Release */,
			);
			defaultConfigurationIsVisible = 0;
			defaultConfigurationName = Release;
		};
/* End XCConfigurationList section */
	};
	rootObject = 0649EAA22406D66300FBBE29 /* Project object */;
}
